// !$*UTF8*$!
{
	archiveVersion = 1;
	classes = {
	};
	objectVersion = 56;
	objects = {

/* Begin PBXBuildFile section */
		A82914502CB8B871007A868B /* PhotoAssetCollection.swift in Sources */ = {isa = PBXBuildFile; fileRef = A829144F2CB8B871007A868B /* PhotoAssetCollection.swift */; };
		A82914522CB97A06007A868B /* PhotoCollection.swift in Sources */ = {isa = PBXBuildFile; fileRef = A82914512CB97A06007A868B /* PhotoCollection.swift */; };
		A849BB452C5972C700AC8FF7 /* MultiProjectApp.swift in Sources */ = {isa = PBXBuildFile; fileRef = A849BB442C5972C700AC8FF7 /* MultiProjectApp.swift */; };
		A849BB4F2C5972FA00AC8FF7 /* PlayerItem.swift in Sources */ = {isa = PBXBuildFile; fileRef = A849BB482C5972FA00AC8FF7 /* PlayerItem.swift */; };
		A849BB502C5972FA00AC8FF7 /* RectKey.swift in Sources */ = {isa = PBXBuildFile; fileRef = A849BB492C5972FA00AC8FF7 /* RectKey.swift */; };
		A849BB512C5972FA00AC8FF7 /* PlayerConfig.swift in Sources */ = {isa = PBXBuildFile; fileRef = A849BB4A2C5972FA00AC8FF7 /* PlayerConfig.swift */; };
		A849BB522C5972FA00AC8FF7 /* HeroKey.swift in Sources */ = {isa = PBXBuildFile; fileRef = A849BB4B2C5972FA00AC8FF7 /* HeroKey.swift */; };
		A849BB532C5972FA00AC8FF7 /* TabModel.swift in Sources */ = {isa = PBXBuildFile; fileRef = A849BB4C2C5972FA00AC8FF7 /* TabModel.swift */; };
		A849BB542C5972FA00AC8FF7 /* Interpolation.swift in Sources */ = {isa = PBXBuildFile; fileRef = A849BB4D2C5972FA00AC8FF7 /* Interpolation.swift */; };
		A849BB552C5972FA00AC8FF7 /* DataModel.swift in Sources */ = {isa = PBXBuildFile; fileRef = A849BB4E2C5972FA00AC8FF7 /* DataModel.swift */; };
		A849BB8B2C5976AB00AC8FF7 /* Assets.xcassets in Resources */ = {isa = PBXBuildFile; fileRef = A849BB8A2C5976AB00AC8FF7 /* Assets.xcassets */; };
		A849BB952C59773200AC8FF7 /* Navigation+Extension.swift in Sources */ = {isa = PBXBuildFile; fileRef = A849BB922C59773200AC8FF7 /* Navigation+Extension.swift */; };
		A849BBA42C59775500AC8FF7 /* MiniPlayerHomeView.swift in Sources */ = {isa = PBXBuildFile; fileRef = A849BB972C59775400AC8FF7 /* MiniPlayerHomeView.swift */; };
		A849BBA52C59775500AC8FF7 /* MiniPlayerView.swift in Sources */ = {isa = PBXBuildFile; fileRef = A849BB982C59775400AC8FF7 /* MiniPlayerView.swift */; };
		A849BBA62C59775500AC8FF7 /* Detail.swift in Sources */ = {isa = PBXBuildFile; fileRef = A849BB9A2C59775400AC8FF7 /* Detail.swift */; };
		A849BBA72C59775500AC8FF7 /* HeroLayer.swift in Sources */ = {isa = PBXBuildFile; fileRef = A849BB9B2C59775400AC8FF7 /* HeroLayer.swift */; };
		A849BBA82C59775500AC8FF7 /* Home.swift in Sources */ = {isa = PBXBuildFile; fileRef = A849BB9C2C59775400AC8FF7 /* Home.swift */; };
		A849BBA92C59775500AC8FF7 /* PhotoGalleryView.swift in Sources */ = {isa = PBXBuildFile; fileRef = A849BB9D2C59775400AC8FF7 /* PhotoGalleryView.swift */; };
		A849BBAA2C59775500AC8FF7 /* PhotoGirdView.swift in Sources */ = {isa = PBXBuildFile; fileRef = A849BB9E2C59775400AC8FF7 /* PhotoGirdView.swift */; };
		A849BBAB2C59775500AC8FF7 /* ScrollableTabBarView.swift in Sources */ = {isa = PBXBuildFile; fileRef = A849BBA02C59775400AC8FF7 /* ScrollableTabBarView.swift */; };
		A849BBAC2C59775500AC8FF7 /* ProjectList.swift in Sources */ = {isa = PBXBuildFile; fileRef = A849BBA22C59775400AC8FF7 /* ProjectList.swift */; };
		A849BBAF2C59776200AC8FF7 /* Preview Assets.xcassets in Resources */ = {isa = PBXBuildFile; fileRef = A849BBAD2C59776200AC8FF7 /* Preview Assets.xcassets */; };
		A849BBB22C59777500AC8FF7 /* PhotoViewModel.swift in Sources */ = {isa = PBXBuildFile; fileRef = A849BBB02C59777500AC8FF7 /* PhotoViewModel.swift */; };
		A84FA1472C68ADAA0000C7E6 /* CachedImageManager.swift in Sources */ = {isa = PBXBuildFile; fileRef = A84FA1462C68ADAA0000C7E6 /* CachedImageManager.swift */; };
		A84FA1492C6BC5760000C7E6 /* PhotoGridCellView.swift in Sources */ = {isa = PBXBuildFile; fileRef = A84FA1482C6BC5760000C7E6 /* PhotoGridCellView.swift */; };
		A84FA14C2C6C3E140000C7E6 /* PhotoCollectionView.swift in Sources */ = {isa = PBXBuildFile; fileRef = A84FA14B2C6C3E140000C7E6 /* PhotoCollectionView.swift */; };
		A86581922C73710B00098A97 /* PhotoGridDetailView.swift in Sources */ = {isa = PBXBuildFile; fileRef = A86581912C73710B00098A97 /* PhotoGridDetailView.swift */; };
/* End PBXBuildFile section */

/* Begin PBXFileReference section */
		A829144F2CB8B871007A868B /* PhotoAssetCollection.swift */ = {isa = PBXFileReference; lastKnownFileType = sourcecode.swift; path = PhotoAssetCollection.swift; sourceTree = "<group>"; };
		A82914512CB97A06007A868B /* PhotoCollection.swift */ = {isa = PBXFileReference; lastKnownFileType = sourcecode.swift; path = PhotoCollection.swift; sourceTree = "<group>"; };
		A849BB442C5972C700AC8FF7 /* MultiProjectApp.swift */ = {isa = PBXFileReference; fileEncoding = 4; lastKnownFileType = sourcecode.swift; name = MultiProjectApp.swift; path = MultiProject/MultiProjectApp.swift; sourceTree = "<group>"; };
		A849BB482C5972FA00AC8FF7 /* PlayerItem.swift */ = {isa = PBXFileReference; fileEncoding = 4; lastKnownFileType = sourcecode.swift; name = PlayerItem.swift; path = MultiProject/Model/PlayerItem.swift; sourceTree = "<group>"; };
		A849BB492C5972FA00AC8FF7 /* RectKey.swift */ = {isa = PBXFileReference; fileEncoding = 4; lastKnownFileType = sourcecode.swift; path = RectKey.swift; sourceTree = "<group>"; };
		A849BB4A2C5972FA00AC8FF7 /* PlayerConfig.swift */ = {isa = PBXFileReference; fileEncoding = 4; lastKnownFileType = sourcecode.swift; name = PlayerConfig.swift; path = MultiProject/Model/PlayerConfig.swift; sourceTree = "<group>"; };
		A849BB4B2C5972FA00AC8FF7 /* HeroKey.swift */ = {isa = PBXFileReference; fileEncoding = 4; lastKnownFileType = sourcecode.swift; path = HeroKey.swift; sourceTree = "<group>"; };
		A849BB4C2C5972FA00AC8FF7 /* TabModel.swift */ = {isa = PBXFileReference; fileEncoding = 4; lastKnownFileType = sourcecode.swift; name = TabModel.swift; path = MultiProject/Model/TabModel.swift; sourceTree = "<group>"; };
		A849BB4D2C5972FA00AC8FF7 /* Interpolation.swift */ = {isa = PBXFileReference; fileEncoding = 4; lastKnownFileType = sourcecode.swift; path = Interpolation.swift; sourceTree = "<group>"; };
		A849BB4E2C5972FA00AC8FF7 /* DataModel.swift */ = {isa = PBXFileReference; fileEncoding = 4; lastKnownFileType = sourcecode.swift; name = DataModel.swift; path = MultiProject/Model/DataModel.swift; sourceTree = "<group>"; };
		A849BB8A2C5976AB00AC8FF7 /* Assets.xcassets */ = {isa = PBXFileReference; lastKnownFileType = folder.assetcatalog; name = Assets.xcassets; path = MultiProject/Assets.xcassets; sourceTree = "<group>"; };
		A849BB922C59773200AC8FF7 /* Navigation+Extension.swift */ = {isa = PBXFileReference; fileEncoding = 4; lastKnownFileType = sourcecode.swift; path = "Navigation+Extension.swift"; sourceTree = "<group>"; };
		A849BB972C59775400AC8FF7 /* MiniPlayerHomeView.swift */ = {isa = PBXFileReference; fileEncoding = 4; lastKnownFileType = sourcecode.swift; path = MiniPlayerHomeView.swift; sourceTree = "<group>"; };
		A849BB982C59775400AC8FF7 /* MiniPlayerView.swift */ = {isa = PBXFileReference; fileEncoding = 4; lastKnownFileType = sourcecode.swift; path = MiniPlayerView.swift; sourceTree = "<group>"; };
		A849BB9A2C59775400AC8FF7 /* Detail.swift */ = {isa = PBXFileReference; fileEncoding = 4; lastKnownFileType = sourcecode.swift; path = Detail.swift; sourceTree = "<group>"; };
		A849BB9B2C59775400AC8FF7 /* HeroLayer.swift */ = {isa = PBXFileReference; fileEncoding = 4; lastKnownFileType = sourcecode.swift; path = HeroLayer.swift; sourceTree = "<group>"; };
		A849BB9C2C59775400AC8FF7 /* Home.swift */ = {isa = PBXFileReference; fileEncoding = 4; lastKnownFileType = sourcecode.swift; path = Home.swift; sourceTree = "<group>"; };
		A849BB9D2C59775400AC8FF7 /* PhotoGalleryView.swift */ = {isa = PBXFileReference; fileEncoding = 4; lastKnownFileType = sourcecode.swift; path = PhotoGalleryView.swift; sourceTree = "<group>"; };
		A849BB9E2C59775400AC8FF7 /* PhotoGirdView.swift */ = {isa = PBXFileReference; fileEncoding = 4; lastKnownFileType = sourcecode.swift; path = PhotoGirdView.swift; sourceTree = "<group>"; };
		A849BBA02C59775400AC8FF7 /* ScrollableTabBarView.swift */ = {isa = PBXFileReference; fileEncoding = 4; lastKnownFileType = sourcecode.swift; path = ScrollableTabBarView.swift; sourceTree = "<group>"; };
		A849BBA22C59775400AC8FF7 /* ProjectList.swift */ = {isa = PBXFileReference; fileEncoding = 4; lastKnownFileType = sourcecode.swift; path = ProjectList.swift; sourceTree = "<group>"; };
		A849BBAD2C59776200AC8FF7 /* Preview Assets.xcassets */ = {isa = PBXFileReference; lastKnownFileType = folder.assetcatalog; path = "Preview Assets.xcassets"; sourceTree = "<group>"; };
		A849BBB02C59777500AC8FF7 /* PhotoViewModel.swift */ = {isa = PBXFileReference; fileEncoding = 4; lastKnownFileType = sourcecode.swift; path = PhotoViewModel.swift; sourceTree = "<group>"; };
		A84FA1462C68ADAA0000C7E6 /* CachedImageManager.swift */ = {isa = PBXFileReference; lastKnownFileType = sourcecode.swift; path = CachedImageManager.swift; sourceTree = "<group>"; };
		A84FA1482C6BC5760000C7E6 /* PhotoGridCellView.swift */ = {isa = PBXFileReference; lastKnownFileType = sourcecode.swift; path = PhotoGridCellView.swift; sourceTree = "<group>"; };
		A84FA14B2C6C3E140000C7E6 /* PhotoCollectionView.swift */ = {isa = PBXFileReference; fileEncoding = 4; lastKnownFileType = sourcecode.swift; path = PhotoCollectionView.swift; sourceTree = "<group>"; };
		A86581912C73710B00098A97 /* PhotoGridDetailView.swift */ = {isa = PBXFileReference; lastKnownFileType = sourcecode.swift; path = PhotoGridDetailView.swift; sourceTree = "<group>"; };
		A897A0DC2C475A19001C66E7 /* MultiProject.app */ = {isa = PBXFileReference; explicitFileType = wrapper.application; includeInIndex = 0; path = MultiProject.app; sourceTree = BUILT_PRODUCTS_DIR; };
/* End PBXFileReference section */

/* Begin PBXFrameworksBuildPhase section */
		A897A0D92C475A19001C66E7 /* Frameworks */ = {
			isa = PBXFrameworksBuildPhase;
			buildActionMask = 2147483647;
			files = (
			);
			runOnlyForDeploymentPostprocessing = 0;
		};
/* End PBXFrameworksBuildPhase section */

/* Begin PBXGroup section */
		A8067ACB2C4A5E630046247C /* Model */ = {
			isa = PBXGroup;
			children = (
				A849BB4E2C5972FA00AC8FF7 /* DataModel.swift */,
				A849BB4A2C5972FA00AC8FF7 /* PlayerConfig.swift */,
				A849BB482C5972FA00AC8FF7 /* PlayerItem.swift */,
				A849BB4C2C5972FA00AC8FF7 /* TabModel.swift */,
				A84FA1462C68ADAA0000C7E6 /* CachedImageManager.swift */,
				A829144F2CB8B871007A868B /* PhotoAssetCollection.swift */,
				A82914512CB97A06007A868B /* PhotoCollection.swift */,
			);
			name = Model;
			sourceTree = "<group>";
		};
		A849BB932C59773200AC8FF7 /* Extension */ = {
			isa = PBXGroup;
			children = (
				A849BB922C59773200AC8FF7 /* Navigation+Extension.swift */,
				A849BB492C5972FA00AC8FF7 /* RectKey.swift */,
				A849BB4B2C5972FA00AC8FF7 /* HeroKey.swift */,
				A849BB4D2C5972FA00AC8FF7 /* Interpolation.swift */,
			);
			name = Extension;
			path = MultiProject/Extension;
			sourceTree = "<group>";
		};
		A849BB992C59775400AC8FF7 /* MiniPlayer */ = {
			isa = PBXGroup;
			children = (
				A849BB972C59775400AC8FF7 /* MiniPlayerHomeView.swift */,
				A849BB982C59775400AC8FF7 /* MiniPlayerView.swift */,
			);
			path = MiniPlayer;
			sourceTree = "<group>";
		};
		A849BB9F2C59775400AC8FF7 /* PhotoGallery */ = {
			isa = PBXGroup;
			children = (
				A849BB9A2C59775400AC8FF7 /* Detail.swift */,
				A849BB9B2C59775400AC8FF7 /* HeroLayer.swift */,
				A849BB9C2C59775400AC8FF7 /* Home.swift */,
				A849BB9D2C59775400AC8FF7 /* PhotoGalleryView.swift */,
			);
			path = PhotoGallery;
			sourceTree = "<group>";
		};
		A849BBA12C59775400AC8FF7 /* ScrollableTabBar */ = {
			isa = PBXGroup;
			children = (
				A849BBA02C59775400AC8FF7 /* ScrollableTabBarView.swift */,
			);
			path = ScrollableTabBar;
			sourceTree = "<group>";
		};
		A849BBA32C59775400AC8FF7 /* View */ = {
			isa = PBXGroup;
			children = (
				A849BBA12C59775400AC8FF7 /* ScrollableTabBar */,
				A849BB992C59775400AC8FF7 /* MiniPlayer */,
				A849BB9F2C59775400AC8FF7 /* PhotoGallery */,
				A84FA14A2C6BC8C50000C7E6 /* PhotoLibraryGird */,
			);
			name = View;
			path = MultiProject/View;
			sourceTree = "<group>";
		};
		A849BBAE2C59776200AC8FF7 /* Preview Content */ = {
			isa = PBXGroup;
			children = (
				A849BBAD2C59776200AC8FF7 /* Preview Assets.xcassets */,
			);
			name = "Preview Content";
			path = "MultiProject/Preview Content";
			sourceTree = "<group>";
		};
		A849BBB12C59777500AC8FF7 /* ViewModel */ = {
			isa = PBXGroup;
			children = (
				A849BBB02C59777500AC8FF7 /* PhotoViewModel.swift */,
			);
			name = ViewModel;
			path = MultiProject/ViewModel;
			sourceTree = "<group>";
		};
		A84FA14A2C6BC8C50000C7E6 /* PhotoLibraryGird */ = {
			isa = PBXGroup;
			children = (
				A84FA1482C6BC5760000C7E6 /* PhotoGridCellView.swift */,
				A86581912C73710B00098A97 /* PhotoGridDetailView.swift */,
				A849BB9E2C59775400AC8FF7 /* PhotoGirdView.swift */,
				A84FA14B2C6C3E140000C7E6 /* PhotoCollectionView.swift */,
			);
			path = PhotoLibraryGird;
			sourceTree = "<group>";
		};
		A897A0D32C475A18001C66E7 = {
			isa = PBXGroup;
			children = (
				A897A0DE2C475A19001C66E7 /* MultiProject */,
				A897A0DD2C475A19001C66E7 /* Products */,
			);
			sourceTree = "<group>";
		};
		A897A0DD2C475A19001C66E7 /* Products */ = {
			isa = PBXGroup;
			children = (
				A897A0DC2C475A19001C66E7 /* MultiProject.app */,
			);
			name = Products;
			sourceTree = "<group>";
		};
		A897A0DE2C475A19001C66E7 /* MultiProject */ = {
			isa = PBXGroup;
			children = (
				A849BB442C5972C700AC8FF7 /* MultiProjectApp.swift */,
				A849BBA22C59775400AC8FF7 /* ProjectList.swift */,
				A849BB932C59773200AC8FF7 /* Extension */,
				A8067ACB2C4A5E630046247C /* Model */,
				A849BBA32C59775400AC8FF7 /* View */,
				A849BBB12C59777500AC8FF7 /* ViewModel */,
				A849BBAE2C59776200AC8FF7 /* Preview Content */,
				A849BB8A2C5976AB00AC8FF7 /* Assets.xcassets */,
			);
			name = MultiProject;
			sourceTree = "<group>";
		};
/* End PBXGroup section */

/* Begin PBXNativeTarget section */
		A897A0DB2C475A19001C66E7 /* MultiProject */ = {
			isa = PBXNativeTarget;
			buildConfigurationList = A897A0EA2C475A1A001C66E7 /* Build configuration list for PBXNativeTarget "MultiProject" */;
			buildPhases = (
				A897A0D82C475A19001C66E7 /* Sources */,
				A897A0D92C475A19001C66E7 /* Frameworks */,
				A897A0DA2C475A19001C66E7 /* Resources */,
			);
			buildRules = (
			);
			dependencies = (
			);
			name = MultiProject;
			productName = NavigationEffetct;
			productReference = A897A0DC2C475A19001C66E7 /* MultiProject.app */;
			productType = "com.apple.product-type.application";
		};
/* End PBXNativeTarget section */

/* Begin PBXProject section */
		A897A0D42C475A18001C66E7 /* Project object */ = {
			isa = PBXProject;
			attributes = {
				BuildIndependentTargetsInParallel = 1;
				LastSwiftUpdateCheck = 1530;
				LastUpgradeCheck = 1530;
				TargetAttributes = {
					A897A0DB2C475A19001C66E7 = {
						CreatedOnToolsVersion = 15.3;
					};
				};
			};
			buildConfigurationList = A897A0D72C475A18001C66E7 /* Build configuration list for PBXProject "MultiProject" */;
			compatibilityVersion = "Xcode 14.0";
			developmentRegion = en;
			hasScannedForEncodings = 0;
			knownRegions = (
				en,
				Base,
			);
			mainGroup = A897A0D32C475A18001C66E7;
			productRefGroup = A897A0DD2C475A19001C66E7 /* Products */;
			projectDirPath = "";
			projectRoot = "";
			targets = (
				A897A0DB2C475A19001C66E7 /* MultiProject */,
			);
		};
/* End PBXProject section */

/* Begin PBXResourcesBuildPhase section */
		A897A0DA2C475A19001C66E7 /* Resources */ = {
			isa = PBXResourcesBuildPhase;
			buildActionMask = 2147483647;
			files = (
				A849BBAF2C59776200AC8FF7 /* Preview Assets.xcassets in Resources */,
				A849BB8B2C5976AB00AC8FF7 /* Assets.xcassets in Resources */,
			);
			runOnlyForDeploymentPostprocessing = 0;
		};
/* End PBXResourcesBuildPhase section */

/* Begin PBXSourcesBuildPhase section */
		A897A0D82C475A19001C66E7 /* Sources */ = {
			isa = PBXSourcesBuildPhase;
			buildActionMask = 2147483647;
			files = (
				A849BBAB2C59775500AC8FF7 /* ScrollableTabBarView.swift in Sources */,
				A82914522CB97A06007A868B /* PhotoCollection.swift in Sources */,
				A849BB502C5972FA00AC8FF7 /* RectKey.swift in Sources */,
				A849BBA42C59775500AC8FF7 /* MiniPlayerHomeView.swift in Sources */,
				A849BBAA2C59775500AC8FF7 /* PhotoGirdView.swift in Sources */,
				A849BBA72C59775500AC8FF7 /* HeroLayer.swift in Sources */,
				A84FA14C2C6C3E140000C7E6 /* PhotoCollectionView.swift in Sources */,
				A849BBA62C59775500AC8FF7 /* Detail.swift in Sources */,
				A849BB552C5972FA00AC8FF7 /* DataModel.swift in Sources */,
				A849BB4F2C5972FA00AC8FF7 /* PlayerItem.swift in Sources */,
				A84FA1492C6BC5760000C7E6 /* PhotoGridCellView.swift in Sources */,
				A849BBA82C59775500AC8FF7 /* Home.swift in Sources */,
				A86581922C73710B00098A97 /* PhotoGridDetailView.swift in Sources */,
				A849BBA52C59775500AC8FF7 /* MiniPlayerView.swift in Sources */,
				A849BB522C5972FA00AC8FF7 /* HeroKey.swift in Sources */,
				A849BB532C5972FA00AC8FF7 /* TabModel.swift in Sources */,
				A84FA1472C68ADAA0000C7E6 /* CachedImageManager.swift in Sources */,
				A849BB542C5972FA00AC8FF7 /* Interpolation.swift in Sources */,
				A849BB512C5972FA00AC8FF7 /* PlayerConfig.swift in Sources */,
				A849BBA92C59775500AC8FF7 /* PhotoGalleryView.swift in Sources */,
				A82914502CB8B871007A868B /* PhotoAssetCollection.swift in Sources */,
				A849BBB22C59777500AC8FF7 /* PhotoViewModel.swift in Sources */,
				A849BB952C59773200AC8FF7 /* Navigation+Extension.swift in Sources */,
				A849BB452C5972C700AC8FF7 /* MultiProjectApp.swift in Sources */,
				A849BBAC2C59775500AC8FF7 /* ProjectList.swift in Sources */,
			);
			runOnlyForDeploymentPostprocessing = 0;
		};
/* End PBXSourcesBuildPhase section */

/* Begin XCBuildConfiguration section */
		A897A0E82C475A1A001C66E7 /* Debug */ = {
			isa = XCBuildConfiguration;
			buildSettings = {
				ALWAYS_SEARCH_USER_PATHS = NO;
				ASSETCATALOG_COMPILER_GENERATE_SWIFT_ASSET_SYMBOL_EXTENSIONS = YES;
				CLANG_ANALYZER_NONNULL = YES;
				CLANG_ANALYZER_NUMBER_OBJECT_CONVERSION = YES_AGGRESSIVE;
				CLANG_CXX_LANGUAGE_STANDARD = "gnu++20";
				CLANG_ENABLE_MODULES = YES;
				CLANG_ENABLE_OBJC_ARC = YES;
				CLANG_ENABLE_OBJC_WEAK = YES;
				CLANG_WARN_BLOCK_CAPTURE_AUTORELEASING = YES;
				CLANG_WARN_BOOL_CONVERSION = YES;
				CLANG_WARN_COMMA = YES;
				CLANG_WARN_CONSTANT_CONVERSION = YES;
				CLANG_WARN_DEPRECATED_OBJC_IMPLEMENTATIONS = YES;
				CLANG_WARN_DIRECT_OBJC_ISA_USAGE = YES_ERROR;
				CLANG_WARN_DOCUMENTATION_COMMENTS = YES;
				CLANG_WARN_EMPTY_BODY = YES;
				CLANG_WARN_ENUM_CONVERSION = YES;
				CLANG_WARN_INFINITE_RECURSION = YES;
				CLANG_WARN_INT_CONVERSION = YES;
				CLANG_WARN_NON_LITERAL_NULL_CONVERSION = YES;
				CLANG_WARN_OBJC_IMPLICIT_RETAIN_SELF = YES;
				CLANG_WARN_OBJC_LITERAL_CONVERSION = YES;
				CLANG_WARN_OBJC_ROOT_CLASS = YES_ERROR;
				CLANG_WARN_QUOTED_INCLUDE_IN_FRAMEWORK_HEADER = YES;
				CLANG_WARN_RANGE_LOOP_ANALYSIS = YES;
				CLANG_WARN_STRICT_PROTOTYPES = YES;
				CLANG_WARN_SUSPICIOUS_MOVE = YES;
				CLANG_WARN_UNGUARDED_AVAILABILITY = YES_AGGRESSIVE;
				CLANG_WARN_UNREACHABLE_CODE = YES;
				CLANG_WARN__DUPLICATE_METHOD_MATCH = YES;
				COPY_PHASE_STRIP = NO;
				DEBUG_INFORMATION_FORMAT = dwarf;
				ENABLE_STRICT_OBJC_MSGSEND = YES;
				ENABLE_TESTABILITY = YES;
				ENABLE_USER_SCRIPT_SANDBOXING = YES;
				GCC_C_LANGUAGE_STANDARD = gnu17;
				GCC_DYNAMIC_NO_PIC = NO;
				GCC_NO_COMMON_BLOCKS = YES;
				GCC_OPTIMIZATION_LEVEL = 0;
				GCC_PREPROCESSOR_DEFINITIONS = (
					"DEBUG=1",
					"$(inherited)",
				);
				GCC_WARN_64_TO_32_BIT_CONVERSION = YES;
				GCC_WARN_ABOUT_RETURN_TYPE = YES_ERROR;
				GCC_WARN_UNDECLARED_SELECTOR = YES;
				GCC_WARN_UNINITIALIZED_AUTOS = YES_AGGRESSIVE;
				GCC_WARN_UNUSED_FUNCTION = YES;
				GCC_WARN_UNUSED_VARIABLE = YES;
				IPHONEOS_DEPLOYMENT_TARGET = 17.4;
				LOCALIZATION_PREFERS_STRING_CATALOGS = YES;
				MTL_ENABLE_DEBUG_INFO = INCLUDE_SOURCE;
				MTL_FAST_MATH = YES;
				ONLY_ACTIVE_ARCH = YES;
				SDKROOT = iphoneos;
				SWIFT_ACTIVE_COMPILATION_CONDITIONS = "DEBUG $(inherited)";
				SWIFT_OPTIMIZATION_LEVEL = "-Onone";
			};
			name = Debug;
		};
		A897A0E92C475A1A001C66E7 /* Release */ = {
			isa = XCBuildConfiguration;
			buildSettings = {
				ALWAYS_SEARCH_USER_PATHS = NO;
				ASSETCATALOG_COMPILER_GENERATE_SWIFT_ASSET_SYMBOL_EXTENSIONS = YES;
				CLANG_ANALYZER_NONNULL = YES;
				CLANG_ANALYZER_NUMBER_OBJECT_CONVERSION = YES_AGGRESSIVE;
				CLANG_CXX_LANGUAGE_STANDARD = "gnu++20";
				CLANG_ENABLE_MODULES = YES;
				CLANG_ENABLE_OBJC_ARC = YES;
				CLANG_ENABLE_OBJC_WEAK = YES;
				CLANG_WARN_BLOCK_CAPTURE_AUTORELEASING = YES;
				CLANG_WARN_BOOL_CONVERSION = YES;
				CLANG_WARN_COMMA = YES;
				CLANG_WARN_CONSTANT_CONVERSION = YES;
				CLANG_WARN_DEPRECATED_OBJC_IMPLEMENTATIONS = YES;
				CLANG_WARN_DIRECT_OBJC_ISA_USAGE = YES_ERROR;
				CLANG_WARN_DOCUMENTATION_COMMENTS = YES;
				CLANG_WARN_EMPTY_BODY = YES;
				CLANG_WARN_ENUM_CONVERSION = YES;
				CLANG_WARN_INFINITE_RECURSION = YES;
				CLANG_WARN_INT_CONVERSION = YES;
				CLANG_WARN_NON_LITERAL_NULL_CONVERSION = YES;
				CLANG_WARN_OBJC_IMPLICIT_RETAIN_SELF = YES;
				CLANG_WARN_OBJC_LITERAL_CONVERSION = YES;
				CLANG_WARN_OBJC_ROOT_CLASS = YES_ERROR;
				CLANG_WARN_QUOTED_INCLUDE_IN_FRAMEWORK_HEADER = YES;
				CLANG_WARN_RANGE_LOOP_ANALYSIS = YES;
				CLANG_WARN_STRICT_PROTOTYPES = YES;
				CLANG_WARN_SUSPICIOUS_MOVE = YES;
				CLANG_WARN_UNGUARDED_AVAILABILITY = YES_AGGRESSIVE;
				CLANG_WARN_UNREACHABLE_CODE = YES;
				CLANG_WARN__DUPLICATE_METHOD_MATCH = YES;
				COPY_PHASE_STRIP = NO;
				DEBUG_INFORMATION_FORMAT = "dwarf-with-dsym";
				ENABLE_NS_ASSERTIONS = NO;
				ENABLE_STRICT_OBJC_MSGSEND = YES;
				ENABLE_USER_SCRIPT_SANDBOXING = YES;
				GCC_C_LANGUAGE_STANDARD = gnu17;
				GCC_NO_COMMON_BLOCKS = YES;
				GCC_WARN_64_TO_32_BIT_CONVERSION = YES;
				GCC_WARN_ABOUT_RETURN_TYPE = YES_ERROR;
				GCC_WARN_UNDECLARED_SELECTOR = YES;
				GCC_WARN_UNINITIALIZED_AUTOS = YES_AGGRESSIVE;
				GCC_WARN_UNUSED_FUNCTION = YES;
				GCC_WARN_UNUSED_VARIABLE = YES;
				IPHONEOS_DEPLOYMENT_TARGET = 17.4;
				LOCALIZATION_PREFERS_STRING_CATALOGS = YES;
				MTL_ENABLE_DEBUG_INFO = NO;
				MTL_FAST_MATH = YES;
				SDKROOT = iphoneos;
				SWIFT_COMPILATION_MODE = wholemodule;
				VALIDATE_PRODUCT = YES;
			};
			name = Release;
		};
		A897A0EB2C475A1A001C66E7 /* Debug */ = {
			isa = XCBuildConfiguration;
			buildSettings = {
				ASSETCATALOG_COMPILER_APPICON_NAME = AppIcon;
				ASSETCATALOG_COMPILER_GLOBAL_ACCENT_COLOR_NAME = AccentColor;
				CODE_SIGN_STYLE = Automatic;
				CURRENT_PROJECT_VERSION = 1;
				DEVELOPMENT_ASSET_PATHS = "";
				DEVELOPMENT_TEAM = AK7S865VNK;
				ENABLE_PREVIEWS = YES;
				GENERATE_INFOPLIST_FILE = YES;
				INFOPLIST_KEY_NSPhotoLibraryUsageDescription = "사진보관함에 접근하기 위한 권한이 필요합니다.";
				INFOPLIST_KEY_UIApplicationSceneManifest_Generation = YES;
				INFOPLIST_KEY_UIApplicationSupportsIndirectInputEvents = YES;
				INFOPLIST_KEY_UILaunchScreen_Generation = YES;
				INFOPLIST_KEY_UISupportedInterfaceOrientations_iPad = "UIInterfaceOrientationPortrait UIInterfaceOrientationPortraitUpsideDown UIInterfaceOrientationLandscapeLeft UIInterfaceOrientationLandscapeRight";
				INFOPLIST_KEY_UISupportedInterfaceOrientations_iPhone = "UIInterfaceOrientationPortrait UIInterfaceOrientationLandscapeLeft UIInterfaceOrientationLandscapeRight";
				IPHONEOS_DEPLOYMENT_TARGET = 17.0;
				LD_RUNPATH_SEARCH_PATHS = (
					"$(inherited)",
					"@executable_path/Frameworks",
				);
				MARKETING_VERSION = 1.0;
				PRODUCT_BUNDLE_IDENTIFIER = G2.MultiProject;
				PRODUCT_NAME = "$(TARGET_NAME)";
				SWIFT_EMIT_LOC_STRINGS = YES;
				SWIFT_VERSION = 5.0;
				TARGETED_DEVICE_FAMILY = "1,2";
			};
			name = Debug;
		};
		A897A0EC2C475A1A001C66E7 /* Release */ = {
			isa = XCBuildConfiguration;
			buildSettings = {
				ASSETCATALOG_COMPILER_APPICON_NAME = AppIcon;
				ASSETCATALOG_COMPILER_GLOBAL_ACCENT_COLOR_NAME = AccentColor;
				CODE_SIGN_STYLE = Automatic;
				CURRENT_PROJECT_VERSION = 1;
				DEVELOPMENT_ASSET_PATHS = "";
				DEVELOPMENT_TEAM = AK7S865VNK;
				ENABLE_PREVIEWS = YES;
				GENERATE_INFOPLIST_FILE = YES;
				INFOPLIST_KEY_NSPhotoLibraryUsageDescription = "사진보관함에 접근하기 위한 권한이 필요합니다.";
				INFOPLIST_KEY_UIApplicationSceneManifest_Generation = YES;
				INFOPLIST_KEY_UIApplicationSupportsIndirectInputEvents = YES;
				INFOPLIST_KEY_UILaunchScreen_Generation = YES;
				INFOPLIST_KEY_UISupportedInterfaceOrientations_iPad = "UIInterfaceOrientationPortrait UIInterfaceOrientationPortraitUpsideDown UIInterfaceOrientationLandscapeLeft UIInterfaceOrientationLandscapeRight";
				INFOPLIST_KEY_UISupportedInterfaceOrientations_iPhone = "UIInterfaceOrientationPortrait UIInterfaceOrientationLandscapeLeft UIInterfaceOrientationLandscapeRight";
				IPHONEOS_DEPLOYMENT_TARGET = 17.0;
				LD_RUNPATH_SEARCH_PATHS = (
					"$(inherited)",
					"@executable_path/Frameworks",
				);
				MARKETING_VERSION = 1.0;
				PRODUCT_BUNDLE_IDENTIFIER = G2.MultiProject;
				PRODUCT_NAME = "$(TARGET_NAME)";
				SWIFT_EMIT_LOC_STRINGS = YES;
				SWIFT_VERSION = 5.0;
				TARGETED_DEVICE_FAMILY = "1,2";
			};
			name = Release;
		};
/* End XCBuildConfiguration section */

/* Begin XCConfigurationList section */
		A897A0D72C475A18001C66E7 /* Build configuration list for PBXProject "MultiProject" */ = {
			isa = XCConfigurationList;
			buildConfigurations = (
				A897A0E82C475A1A001C66E7 /* Debug */,
				A897A0E92C475A1A001C66E7 /* Release */,
			);
			defaultConfigurationIsVisible = 0;
			defaultConfigurationName = Release;
		};
		A897A0EA2C475A1A001C66E7 /* Build configuration list for PBXNativeTarget "MultiProject" */ = {
			isa = XCConfigurationList;
			buildConfigurations = (
				A897A0EB2C475A1A001C66E7 /* Debug */,
				A897A0EC2C475A1A001C66E7 /* Release */,
			);
			defaultConfigurationIsVisible = 0;
			defaultConfigurationName = Release;
		};
/* End XCConfigurationList section */
	};
	rootObject = A897A0D42C475A18001C66E7 /* Project object */;
}
