// !$*UTF8*$!
{
	archiveVersion = 1;
	classes = {
	};
	objectVersion = 56;
	objects = {

/* Begin PBXBuildFile section */
		A8067ACA2C49473F0046247C /* PhotoViewModel.swift in Sources */ = {isa = PBXBuildFile; fileRef = A8067AC92C49473F0046247C /* PhotoViewModel.swift */; };
		A8067ACF2C4EA9D00046247C /* Home.swift in Sources */ = {isa = PBXBuildFile; fileRef = A8067ACE2C4EA9D00046247C /* Home.swift */; };
		A8067AD12C4EC2D40046247C /* Detail.swift in Sources */ = {isa = PBXBuildFile; fileRef = A8067AD02C4EC2D40046247C /* Detail.swift */; };
		A8067AD32C4ED3840046247C /* HeroLayer.swift in Sources */ = {isa = PBXBuildFile; fileRef = A8067AD22C4ED3840046247C /* HeroLayer.swift */; };
		A8067AD52C4ED4580046247C /* HeroKey.swift in Sources */ = {isa = PBXBuildFile; fileRef = A8067AD42C4ED4580046247C /* HeroKey.swift */; };
		A88820842C5237BB00BD84DF /* ProjectList.swift in Sources */ = {isa = PBXBuildFile; fileRef = A88820832C5237BB00BD84DF /* ProjectList.swift */; };
		A88820882C524E3900BD84DF /* ScrollableTabBarView.swift in Sources */ = {isa = PBXBuildFile; fileRef = A88820872C524E3900BD84DF /* ScrollableTabBarView.swift */; };
		A888208C2C526B7800BD84DF /* TabModel.swift in Sources */ = {isa = PBXBuildFile; fileRef = A888208B2C526B7800BD84DF /* TabModel.swift */; };
		A888208E2C537A2C00BD84DF /* RectKey.swift in Sources */ = {isa = PBXBuildFile; fileRef = A888208D2C537A2C00BD84DF /* RectKey.swift */; };
		A88820902C53829200BD84DF /* Interpolation.swift in Sources */ = {isa = PBXBuildFile; fileRef = A888208F2C53829200BD84DF /* Interpolation.swift */; };
		A88820942C5411B100BD84DF /* MiniPlayer.swift in Sources */ = {isa = PBXBuildFile; fileRef = A88820932C5411B100BD84DF /* MiniPlayer.swift */; };
		A897A0E02C475A19001C66E7 /* NavigationEffetctApp.swift in Sources */ = {isa = PBXBuildFile; fileRef = A897A0DF2C475A19001C66E7 /* NavigationEffetctApp.swift */; };
		A897A0E22C475A19001C66E7 /* PhotoGalleryView.swift in Sources */ = {isa = PBXBuildFile; fileRef = A897A0E12C475A19001C66E7 /* PhotoGalleryView.swift */; };
		A897A0E42C475A1A001C66E7 /* Assets.xcassets in Resources */ = {isa = PBXBuildFile; fileRef = A897A0E32C475A1A001C66E7 /* Assets.xcassets */; };
		A897A0E72C475A1A001C66E7 /* Preview Assets.xcassets in Resources */ = {isa = PBXBuildFile; fileRef = A897A0E62C475A1A001C66E7 /* Preview Assets.xcassets */; };
		A897A0EE2C47ABB3001C66E7 /* DataModel.swift in Sources */ = {isa = PBXBuildFile; fileRef = A897A0ED2C47ABB3001C66E7 /* DataModel.swift */; };
		A897A0F02C48DDCC001C66E7 /* PhotoItemView.swift in Sources */ = {isa = PBXBuildFile; fileRef = A897A0EF2C48DDCC001C66E7 /* PhotoItemView.swift */; };
/* End PBXBuildFile section */

/* Begin PBXFileReference section */
		A8067AC92C49473F0046247C /* PhotoViewModel.swift */ = {isa = PBXFileReference; lastKnownFileType = sourcecode.swift; path = PhotoViewModel.swift; sourceTree = "<group>"; };
		A8067ACE2C4EA9D00046247C /* Home.swift */ = {isa = PBXFileReference; lastKnownFileType = sourcecode.swift; path = Home.swift; sourceTree = "<group>"; };
		A8067AD02C4EC2D40046247C /* Detail.swift */ = {isa = PBXFileReference; lastKnownFileType = sourcecode.swift; path = Detail.swift; sourceTree = "<group>"; };
		A8067AD22C4ED3840046247C /* HeroLayer.swift */ = {isa = PBXFileReference; lastKnownFileType = sourcecode.swift; path = HeroLayer.swift; sourceTree = "<group>"; };
		A8067AD42C4ED4580046247C /* HeroKey.swift */ = {isa = PBXFileReference; lastKnownFileType = sourcecode.swift; path = HeroKey.swift; sourceTree = "<group>"; };
		A88820832C5237BB00BD84DF /* ProjectList.swift */ = {isa = PBXFileReference; lastKnownFileType = sourcecode.swift; path = ProjectList.swift; sourceTree = "<group>"; };
		A88820872C524E3900BD84DF /* ScrollableTabBarView.swift */ = {isa = PBXFileReference; lastKnownFileType = sourcecode.swift; path = ScrollableTabBarView.swift; sourceTree = "<group>"; };
		A888208B2C526B7800BD84DF /* TabModel.swift */ = {isa = PBXFileReference; lastKnownFileType = sourcecode.swift; path = TabModel.swift; sourceTree = "<group>"; };
		A888208D2C537A2C00BD84DF /* RectKey.swift */ = {isa = PBXFileReference; lastKnownFileType = sourcecode.swift; path = RectKey.swift; sourceTree = "<group>"; };
		A888208F2C53829200BD84DF /* Interpolation.swift */ = {isa = PBXFileReference; lastKnownFileType = sourcecode.swift; path = Interpolation.swift; sourceTree = "<group>"; };
		A88820932C5411B100BD84DF /* MiniPlayer.swift */ = {isa = PBXFileReference; lastKnownFileType = sourcecode.swift; path = MiniPlayer.swift; sourceTree = "<group>"; };
		A897A0DC2C475A19001C66E7 /* UITest.app */ = {isa = PBXFileReference; explicitFileType = wrapper.application; includeInIndex = 0; path = UITest.app; sourceTree = BUILT_PRODUCTS_DIR; };
		A897A0DF2C475A19001C66E7 /* NavigationEffetctApp.swift */ = {isa = PBXFileReference; lastKnownFileType = sourcecode.swift; path = NavigationEffetctApp.swift; sourceTree = "<group>"; };
		A897A0E12C475A19001C66E7 /* PhotoGalleryView.swift */ = {isa = PBXFileReference; lastKnownFileType = sourcecode.swift; path = PhotoGalleryView.swift; sourceTree = "<group>"; };
		A897A0E32C475A1A001C66E7 /* Assets.xcassets */ = {isa = PBXFileReference; lastKnownFileType = folder.assetcatalog; path = Assets.xcassets; sourceTree = "<group>"; };
		A897A0E62C475A1A001C66E7 /* Preview Assets.xcassets */ = {isa = PBXFileReference; lastKnownFileType = folder.assetcatalog; path = "Preview Assets.xcassets"; sourceTree = "<group>"; };
		A897A0ED2C47ABB3001C66E7 /* DataModel.swift */ = {isa = PBXFileReference; lastKnownFileType = sourcecode.swift; path = DataModel.swift; sourceTree = "<group>"; };
		A897A0EF2C48DDCC001C66E7 /* PhotoItemView.swift */ = {isa = PBXFileReference; lastKnownFileType = sourcecode.swift; path = PhotoItemView.swift; sourceTree = "<group>"; };
/* End PBXFileReference section */

/* Begin PBXFrameworksBuildPhase section */
		A897A0D92C475A19001C66E7 /* Frameworks */ = {
			isa = PBXFrameworksBuildPhase;
			buildActionMask = 2147483647;
			files = (
			);
			runOnlyForDeploymentPostprocessing = 0;
		};
/* End PBXFrameworksBuildPhase section */

/* Begin PBXGroup section */
		A8067ACB2C4A5E630046247C /* Model */ = {
			isa = PBXGroup;
			children = (
				A897A0ED2C47ABB3001C66E7 /* DataModel.swift */,
				A8067AD42C4ED4580046247C /* HeroKey.swift */,
				A888208B2C526B7800BD84DF /* TabModel.swift */,
				A888208D2C537A2C00BD84DF /* RectKey.swift */,
				A888208F2C53829200BD84DF /* Interpolation.swift */,
			);
			path = Model;
			sourceTree = "<group>";
		};
		A8067ACC2C4A5E8C0046247C /* VIew */ = {
			isa = PBXGroup;
			children = (
				A88820832C5237BB00BD84DF /* ProjectList.swift */,
				A88820932C5411B100BD84DF /* MiniPlayer.swift */,
				A88820862C524E0700BD84DF /* ScrollableTabBar */,
				A88820852C524D7E00BD84DF /* PhotoGallery */,
			);
			path = VIew;
			sourceTree = "<group>";
		};
		A8067ACD2C4A5E9B0046247C /* ViewModel */ = {
			isa = PBXGroup;
			children = (
				A8067AC92C49473F0046247C /* PhotoViewModel.swift */,
			);
			path = ViewModel;
			sourceTree = "<group>";
		};
		A88820852C524D7E00BD84DF /* PhotoGallery */ = {
			isa = PBXGroup;
			children = (
				A897A0EF2C48DDCC001C66E7 /* PhotoItemView.swift */,
				A897A0E12C475A19001C66E7 /* PhotoGalleryView.swift */,
				A8067ACE2C4EA9D00046247C /* Home.swift */,
				A8067AD02C4EC2D40046247C /* Detail.swift */,
				A8067AD22C4ED3840046247C /* HeroLayer.swift */,
			);
			path = PhotoGallery;
			sourceTree = "<group>";
		};
		A88820862C524E0700BD84DF /* ScrollableTabBar */ = {
			isa = PBXGroup;
			children = (
				A88820872C524E3900BD84DF /* ScrollableTabBarView.swift */,
			);
			path = ScrollableTabBar;
			sourceTree = "<group>";
		};
		A897A0D32C475A18001C66E7 = {
			isa = PBXGroup;
			children = (
				A897A0DE2C475A19001C66E7 /* NavigationEffetct */,
				A897A0DD2C475A19001C66E7 /* Products */,
			);
			sourceTree = "<group>";
		};
		A897A0DD2C475A19001C66E7 /* Products */ = {
			isa = PBXGroup;
			children = (
				A897A0DC2C475A19001C66E7 /* UITest.app */,
			);
			name = Products;
			sourceTree = "<group>";
		};
		A897A0DE2C475A19001C66E7 /* NavigationEffetct */ = {
			isa = PBXGroup;
			children = (
				A8067ACB2C4A5E630046247C /* Model */,
				A8067ACC2C4A5E8C0046247C /* VIew */,
				A8067ACD2C4A5E9B0046247C /* ViewModel */,
				A897A0DF2C475A19001C66E7 /* NavigationEffetctApp.swift */,
				A897A0E32C475A1A001C66E7 /* Assets.xcassets */,
				A897A0E52C475A1A001C66E7 /* Preview Content */,
			);
			path = NavigationEffetct;
			sourceTree = "<group>";
		};
		A897A0E52C475A1A001C66E7 /* Preview Content */ = {
			isa = PBXGroup;
			children = (
				A897A0E62C475A1A001C66E7 /* Preview Assets.xcassets */,
			);
			path = "Preview Content";
			sourceTree = "<group>";
		};
/* End PBXGroup section */

/* Begin PBXNativeTarget section */
		A897A0DB2C475A19001C66E7 /* UITest */ = {
			isa = PBXNativeTarget;
			buildConfigurationList = A897A0EA2C475A1A001C66E7 /* Build configuration list for PBXNativeTarget "UITest" */;
			buildPhases = (
				A897A0D82C475A19001C66E7 /* Sources */,
				A897A0D92C475A19001C66E7 /* Frameworks */,
				A897A0DA2C475A19001C66E7 /* Resources */,
			);
			buildRules = (
			);
			dependencies = (
			);
			name = UITest;
			productName = NavigationEffetct;
			productReference = A897A0DC2C475A19001C66E7 /* UITest.app */;
			productType = "com.apple.product-type.application";
		};
/* End PBXNativeTarget section */

/* Begin PBXProject section */
		A897A0D42C475A18001C66E7 /* Project object */ = {
			isa = PBXProject;
			attributes = {
				BuildIndependentTargetsInParallel = 1;
				LastSwiftUpdateCheck = 1530;
				LastUpgradeCheck = 1530;
				TargetAttributes = {
					A897A0DB2C475A19001C66E7 = {
						CreatedOnToolsVersion = 15.3;
					};
				};
			};
			buildConfigurationList = A897A0D72C475A18001C66E7 /* Build configuration list for PBXProject "UITest" */;
			compatibilityVersion = "Xcode 14.0";
			developmentRegion = en;
			hasScannedForEncodings = 0;
			knownRegions = (
				en,
				Base,
			);
			mainGroup = A897A0D32C475A18001C66E7;
			productRefGroup = A897A0DD2C475A19001C66E7 /* Products */;
			projectDirPath = "";
			projectRoot = "";
			targets = (
				A897A0DB2C475A19001C66E7 /* UITest */,
			);
		};
/* End PBXProject section */

/* Begin PBXResourcesBuildPhase section */
		A897A0DA2C475A19001C66E7 /* Resources */ = {
			isa = PBXResourcesBuildPhase;
			buildActionMask = 2147483647;
			files = (
				A897A0E72C475A1A001C66E7 /* Preview Assets.xcassets in Resources */,
				A897A0E42C475A1A001C66E7 /* Assets.xcassets in Resources */,
			);
			runOnlyForDeploymentPostprocessing = 0;
		};
/* End PBXResourcesBuildPhase section */

/* Begin PBXSourcesBuildPhase section */
		A897A0D82C475A19001C66E7 /* Sources */ = {
			isa = PBXSourcesBuildPhase;
			buildActionMask = 2147483647;
			files = (
				A88820842C5237BB00BD84DF /* ProjectList.swift in Sources */,
				A897A0E22C475A19001C66E7 /* PhotoGalleryView.swift in Sources */,
				A8067AD12C4EC2D40046247C /* Detail.swift in Sources */,
				A88820942C5411B100BD84DF /* MiniPlayer.swift in Sources */,
				A897A0E02C475A19001C66E7 /* NavigationEffetctApp.swift in Sources */,
				A897A0F02C48DDCC001C66E7 /* PhotoItemView.swift in Sources */,
				A897A0EE2C47ABB3001C66E7 /* DataModel.swift in Sources */,
				A88820902C53829200BD84DF /* Interpolation.swift in Sources */,
				A8067AD52C4ED4580046247C /* HeroKey.swift in Sources */,
				A88820882C524E3900BD84DF /* ScrollableTabBarView.swift in Sources */,
				A8067AD32C4ED3840046247C /* HeroLayer.swift in Sources */,
				A8067ACF2C4EA9D00046247C /* Home.swift in Sources */,
				A888208C2C526B7800BD84DF /* TabModel.swift in Sources */,
				A8067ACA2C49473F0046247C /* PhotoViewModel.swift in Sources */,
				A888208E2C537A2C00BD84DF /* RectKey.swift in Sources */,
			);
			runOnlyForDeploymentPostprocessing = 0;
		};
/* End PBXSourcesBuildPhase section */

/* Begin XCBuildConfiguration section */
		A897A0E82C475A1A001C66E7 /* Debug */ = {
			isa = XCBuildConfiguration;
			buildSettings = {
				ALWAYS_SEARCH_USER_PATHS = NO;
				ASSETCATALOG_COMPILER_GENERATE_SWIFT_ASSET_SYMBOL_EXTENSIONS = YES;
				CLANG_ANALYZER_NONNULL = YES;
				CLANG_ANALYZER_NUMBER_OBJECT_CONVERSION = YES_AGGRESSIVE;
				CLANG_CXX_LANGUAGE_STANDARD = "gnu++20";
				CLANG_ENABLE_MODULES = YES;
				CLANG_ENABLE_OBJC_ARC = YES;
				CLANG_ENABLE_OBJC_WEAK = YES;
				CLANG_WARN_BLOCK_CAPTURE_AUTORELEASING = YES;
				CLANG_WARN_BOOL_CONVERSION = YES;
				CLANG_WARN_COMMA = YES;
				CLANG_WARN_CONSTANT_CONVERSION = YES;
				CLANG_WARN_DEPRECATED_OBJC_IMPLEMENTATIONS = YES;
				CLANG_WARN_DIRECT_OBJC_ISA_USAGE = YES_ERROR;
				CLANG_WARN_DOCUMENTATION_COMMENTS = YES;
				CLANG_WARN_EMPTY_BODY = YES;
				CLANG_WARN_ENUM_CONVERSION = YES;
				CLANG_WARN_INFINITE_RECURSION = YES;
				CLANG_WARN_INT_CONVERSION = YES;
				CLANG_WARN_NON_LITERAL_NULL_CONVERSION = YES;
				CLANG_WARN_OBJC_IMPLICIT_RETAIN_SELF = YES;
				CLANG_WARN_OBJC_LITERAL_CONVERSION = YES;
				CLANG_WARN_OBJC_ROOT_CLASS = YES_ERROR;
				CLANG_WARN_QUOTED_INCLUDE_IN_FRAMEWORK_HEADER = YES;
				CLANG_WARN_RANGE_LOOP_ANALYSIS = YES;
				CLANG_WARN_STRICT_PROTOTYPES = YES;
				CLANG_WARN_SUSPICIOUS_MOVE = YES;
				CLANG_WARN_UNGUARDED_AVAILABILITY = YES_AGGRESSIVE;
				CLANG_WARN_UNREACHABLE_CODE = YES;
				CLANG_WARN__DUPLICATE_METHOD_MATCH = YES;
				COPY_PHASE_STRIP = NO;
				DEBUG_INFORMATION_FORMAT = dwarf;
				ENABLE_STRICT_OBJC_MSGSEND = YES;
				ENABLE_TESTABILITY = YES;
				ENABLE_USER_SCRIPT_SANDBOXING = YES;
				GCC_C_LANGUAGE_STANDARD = gnu17;
				GCC_DYNAMIC_NO_PIC = NO;
				GCC_NO_COMMON_BLOCKS = YES;
				GCC_OPTIMIZATION_LEVEL = 0;
				GCC_PREPROCESSOR_DEFINITIONS = (
					"DEBUG=1",
					"$(inherited)",
				);
				GCC_WARN_64_TO_32_BIT_CONVERSION = YES;
				GCC_WARN_ABOUT_RETURN_TYPE = YES_ERROR;
				GCC_WARN_UNDECLARED_SELECTOR = YES;
				GCC_WARN_UNINITIALIZED_AUTOS = YES_AGGRESSIVE;
				GCC_WARN_UNUSED_FUNCTION = YES;
				GCC_WARN_UNUSED_VARIABLE = YES;
				IPHONEOS_DEPLOYMENT_TARGET = 17.4;
				LOCALIZATION_PREFERS_STRING_CATALOGS = YES;
				MTL_ENABLE_DEBUG_INFO = INCLUDE_SOURCE;
				MTL_FAST_MATH = YES;
				ONLY_ACTIVE_ARCH = YES;
				SDKROOT = iphoneos;
				SWIFT_ACTIVE_COMPILATION_CONDITIONS = "DEBUG $(inherited)";
				SWIFT_OPTIMIZATION_LEVEL = "-Onone";
			};
			name = Debug;
		};
		A897A0E92C475A1A001C66E7 /* Release */ = {
			isa = XCBuildConfiguration;
			buildSettings = {
				ALWAYS_SEARCH_USER_PATHS = NO;
				ASSETCATALOG_COMPILER_GENERATE_SWIFT_ASSET_SYMBOL_EXTENSIONS = YES;
				CLANG_ANALYZER_NONNULL = YES;
				CLANG_ANALYZER_NUMBER_OBJECT_CONVERSION = YES_AGGRESSIVE;
				CLANG_CXX_LANGUAGE_STANDARD = "gnu++20";
				CLANG_ENABLE_MODULES = YES;
				CLANG_ENABLE_OBJC_ARC = YES;
				CLANG_ENABLE_OBJC_WEAK = YES;
				CLANG_WARN_BLOCK_CAPTURE_AUTORELEASING = YES;
				CLANG_WARN_BOOL_CONVERSION = YES;
				CLANG_WARN_COMMA = YES;
				CLANG_WARN_CONSTANT_CONVERSION = YES;
				CLANG_WARN_DEPRECATED_OBJC_IMPLEMENTATIONS = YES;
				CLANG_WARN_DIRECT_OBJC_ISA_USAGE = YES_ERROR;
				CLANG_WARN_DOCUMENTATION_COMMENTS = YES;
				CLANG_WARN_EMPTY_BODY = YES;
				CLANG_WARN_ENUM_CONVERSION = YES;
				CLANG_WARN_INFINITE_RECURSION = YES;
				CLANG_WARN_INT_CONVERSION = YES;
				CLANG_WARN_NON_LITERAL_NULL_CONVERSION = YES;
				CLANG_WARN_OBJC_IMPLICIT_RETAIN_SELF = YES;
				CLANG_WARN_OBJC_LITERAL_CONVERSION = YES;
				CLANG_WARN_OBJC_ROOT_CLASS = YES_ERROR;
				CLANG_WARN_QUOTED_INCLUDE_IN_FRAMEWORK_HEADER = YES;
				CLANG_WARN_RANGE_LOOP_ANALYSIS = YES;
				CLANG_WARN_STRICT_PROTOTYPES = YES;
				CLANG_WARN_SUSPICIOUS_MOVE = YES;
				CLANG_WARN_UNGUARDED_AVAILABILITY = YES_AGGRESSIVE;
				CLANG_WARN_UNREACHABLE_CODE = YES;
				CLANG_WARN__DUPLICATE_METHOD_MATCH = YES;
				COPY_PHASE_STRIP = NO;
				DEBUG_INFORMATION_FORMAT = "dwarf-with-dsym";
				ENABLE_NS_ASSERTIONS = NO;
				ENABLE_STRICT_OBJC_MSGSEND = YES;
				ENABLE_USER_SCRIPT_SANDBOXING = YES;
				GCC_C_LANGUAGE_STANDARD = gnu17;
				GCC_NO_COMMON_BLOCKS = YES;
				GCC_WARN_64_TO_32_BIT_CONVERSION = YES;
				GCC_WARN_ABOUT_RETURN_TYPE = YES_ERROR;
				GCC_WARN_UNDECLARED_SELECTOR = YES;
				GCC_WARN_UNINITIALIZED_AUTOS = YES_AGGRESSIVE;
				GCC_WARN_UNUSED_FUNCTION = YES;
				GCC_WARN_UNUSED_VARIABLE = YES;
				IPHONEOS_DEPLOYMENT_TARGET = 17.4;
				LOCALIZATION_PREFERS_STRING_CATALOGS = YES;
				MTL_ENABLE_DEBUG_INFO = NO;
				MTL_FAST_MATH = YES;
				SDKROOT = iphoneos;
				SWIFT_COMPILATION_MODE = wholemodule;
				VALIDATE_PRODUCT = YES;
			};
			name = Release;
		};
		A897A0EB2C475A1A001C66E7 /* Debug */ = {
			isa = XCBuildConfiguration;
			buildSettings = {
				ASSETCATALOG_COMPILER_APPICON_NAME = AppIcon;
				ASSETCATALOG_COMPILER_GLOBAL_ACCENT_COLOR_NAME = AccentColor;
				CODE_SIGN_STYLE = Automatic;
				CURRENT_PROJECT_VERSION = 1;
				DEVELOPMENT_ASSET_PATHS = "\"NavigationEffetct/Preview Content\"";
				DEVELOPMENT_TEAM = AK7S865VNK;
				ENABLE_PREVIEWS = YES;
				GENERATE_INFOPLIST_FILE = YES;
				INFOPLIST_KEY_UIApplicationSceneManifest_Generation = YES;
				INFOPLIST_KEY_UIApplicationSupportsIndirectInputEvents = YES;
				INFOPLIST_KEY_UILaunchScreen_Generation = YES;
				INFOPLIST_KEY_UISupportedInterfaceOrientations_iPad = "UIInterfaceOrientationPortrait UIInterfaceOrientationPortraitUpsideDown UIInterfaceOrientationLandscapeLeft UIInterfaceOrientationLandscapeRight";
				INFOPLIST_KEY_UISupportedInterfaceOrientations_iPhone = "UIInterfaceOrientationPortrait UIInterfaceOrientationLandscapeLeft UIInterfaceOrientationLandscapeRight";
				IPHONEOS_DEPLOYMENT_TARGET = 17.0;
				LD_RUNPATH_SEARCH_PATHS = (
					"$(inherited)",
					"@executable_path/Frameworks",
				);
				MARKETING_VERSION = 1.0;
				PRODUCT_BUNDLE_IDENTIFIER = G2.NavigationEffetct;
				PRODUCT_NAME = "$(TARGET_NAME)";
				SWIFT_EMIT_LOC_STRINGS = YES;
				SWIFT_VERSION = 5.0;
				TARGETED_DEVICE_FAMILY = "1,2";
			};
			name = Debug;
		};
		A897A0EC2C475A1A001C66E7 /* Release */ = {
			isa = XCBuildConfiguration;
			buildSettings = {
				ASSETCATALOG_COMPILER_APPICON_NAME = AppIcon;
				ASSETCATALOG_COMPILER_GLOBAL_ACCENT_COLOR_NAME = AccentColor;
				CODE_SIGN_STYLE = Automatic;
				CURRENT_PROJECT_VERSION = 1;
				DEVELOPMENT_ASSET_PATHS = "\"NavigationEffetct/Preview Content\"";
				DEVELOPMENT_TEAM = AK7S865VNK;
				ENABLE_PREVIEWS = YES;
				GENERATE_INFOPLIST_FILE = YES;
				INFOPLIST_KEY_UIApplicationSceneManifest_Generation = YES;
				INFOPLIST_KEY_UIApplicationSupportsIndirectInputEvents = YES;
				INFOPLIST_KEY_UILaunchScreen_Generation = YES;
				INFOPLIST_KEY_UISupportedInterfaceOrientations_iPad = "UIInterfaceOrientationPortrait UIInterfaceOrientationPortraitUpsideDown UIInterfaceOrientationLandscapeLeft UIInterfaceOrientationLandscapeRight";
				INFOPLIST_KEY_UISupportedInterfaceOrientations_iPhone = "UIInterfaceOrientationPortrait UIInterfaceOrientationLandscapeLeft UIInterfaceOrientationLandscapeRight";
				IPHONEOS_DEPLOYMENT_TARGET = 17.0;
				LD_RUNPATH_SEARCH_PATHS = (
					"$(inherited)",
					"@executable_path/Frameworks",
				);
				MARKETING_VERSION = 1.0;
				PRODUCT_BUNDLE_IDENTIFIER = G2.NavigationEffetct;
				PRODUCT_NAME = "$(TARGET_NAME)";
				SWIFT_EMIT_LOC_STRINGS = YES;
				SWIFT_VERSION = 5.0;
				TARGETED_DEVICE_FAMILY = "1,2";
			};
			name = Release;
		};
/* End XCBuildConfiguration section */

/* Begin XCConfigurationList section */
		A897A0D72C475A18001C66E7 /* Build configuration list for PBXProject "UITest" */ = {
			isa = XCConfigurationList;
			buildConfigurations = (
				A897A0E82C475A1A001C66E7 /* Debug */,
				A897A0E92C475A1A001C66E7 /* Release */,
			);
			defaultConfigurationIsVisible = 0;
			defaultConfigurationName = Release;
		};
		A897A0EA2C475A1A001C66E7 /* Build configuration list for PBXNativeTarget "UITest" */ = {
			isa = XCConfigurationList;
			buildConfigurations = (
				A897A0EB2C475A1A001C66E7 /* Debug */,
				A897A0EC2C475A1A001C66E7 /* Release */,
			);
			defaultConfigurationIsVisible = 0;
			defaultConfigurationName = Release;
		};
/* End XCConfigurationList section */
	};
	rootObject = A897A0D42C475A18001C66E7 /* Project object */;
}
